
Microsoft Visual Studio Solution File, Format Version 12.00
# Visual Studio Version 17
VisualStudioVersion = 17.7.34302.85
MinimumVisualStudioVersion = 10.0.40219.1
Project("{8BC9CEB8-8B4A-11D0-8D11-00A0C91BC942}") = "1_栈", "1_栈\1_栈.vcxproj", "{DCF9DA68-2BD1-42DA-8CE1-B58BA06D3F99}"
EndProject
Global
	GlobalSection(SolutionConfigurationPlatforms) = preSolution
		Debug|x64 = Debug|x64
		Debug|x86 = Debug|x86
		Release|x64 = Release|x64
		Release|x86 = Release|x86
	EndGlobalSection
	GlobalSection(ProjectConfigurationPlatforms) = postSolution
		{DCF9DA68-2BD1-42DA-8CE1-B58BA06D3F99}.Debug|x64.ActiveCfg = Debug|x64
		{DCF9DA68-2BD1-42DA-8CE1-B58BA06D3F99}.Debug|x64.Build.0 = Debug|x64
		{DCF9DA68-2BD1-42DA-8CE1-B58BA06D3F99}.Debug|x86.ActiveCfg = Debug|Win32
		{DCF9DA68-2BD1-42DA-8CE1-B58BA06D3F99}.Debug|x86.Build.0 = Debug|Win32
		{DCF9DA68-2BD1-42DA-8CE1-B58BA06D3F99}.Release|x64.ActiveCfg = Release|x64
		{DCF9DA68-2BD1-42DA-8CE1-B58BA06D3F99}.Release|x64.Build.0 = Release|x64
		{DCF9DA68-2BD1-42DA-8CE1-B58BA06D3F99}.Release|x86.ActiveCfg = Release|Win32
		{DCF9DA68-2BD1-42DA-8CE1-B58BA06D3F99}.Release|x86.Build.0 = Release|Win32
	EndGlobalSection
	GlobalSection(SolutionProperties) = preSolution
		HideSolutionNode = FALSE
	EndGlobalSection
	GlobalSection(ExtensibilityGlobals) = postSolution
		SolutionGuid = {13493A86-6D48-4BAD-8B75-6DC07D38E742}
	EndGlobalSection
EndGlobal
